<?xml version="1.0" encoding="utf-8"?>
<Project ToolsVersion="4.0" xmlns="http://schemas.microsoft.com/developer/msbuild/2003">
  <ItemGroup>
    <Filter Include="Source Files">
      <UniqueIdentifier>{4FC737F1-C7A5-4376-A066-2A32D752A2FF}</UniqueIdentifier>
      <Extensions>cpp;c;cc;cxx;def;odl;idl;hpj;bat;asm;asmx</Extensions>
    </Filter>
    <Filter Include="Header Files">
      <UniqueIdentifier>{93995380-89BD-4b04-88EB-625FBE52EBFB}</UniqueIdentifier>
      <Extensions>h;hh;hpp;hxx;hm;inl;inc;xsd</Extensions>
    </Filter>
    <Filter Include="Resource Files">
      <UniqueIdentifier>{67DA6AB6-F800-4c08-8B7A-83BB121AAD01}</UniqueIdentifier>
      <Extensions>rc;ico;cur;bmp;dlg;rc2;rct;bin;rgs;gif;jpg;jpeg;jpe;resx;tiff;tif;png;wav;mfcribbon-ms</Extensions>
    </Filter>
  </ItemGroup>
  <ItemGroup>
    <ClCompile Include="Clerk.cpp">
      <Filter>Source Files</Filter>
    </ClCompile>
    <ClCompile Include="TreeMenuItemData.cpp">
      <Filter>Source Files</Filter>
    </ClCompile>
    <ClCompile Include="PieChart.cpp">
      <Filter>Source Files</Filter>
    </ClCompile>
    <ClCompile Include="BarChart.cpp">
      <Filter>Source Files</Filter>
    </ClCompile>
    <ClCompile Include="Settings.cpp">
      <Filter>Source Files</Filter>
    </ClCompile>
    <ClCompile Include="TagsPopup.cpp">
      <Filter>Source Files</Filter>
    </ClCompile>
    <ClCompile Include="LineChart.cpp">
      <Filter>Source Files</Filter>
    </ClCompile>
    <ClCompile Include="GraphPopup.cpp">
      <Filter>Source Files</Filter>
    </ClCompile>
    <ClCompile Include="Data\Account.cpp">
      <Filter>Source Files</Filter>
    </ClCompile>
    <ClCompile Include="Data\Model.cpp">
      <Filter>Source Files</Filter>
    </ClCompile>
    <ClCompile Include="Data\DataHelper.cpp">
      <Filter>Source Files</Filter>
    </ClCompile>
    <ClCompile Include="Data\Transaction.cpp">
      <Filter>Source Files</Filter>
    </ClCompile>
    <ClCompile Include="Data\Currency.cpp">
      <Filter>Source Files</Filter>
    </ClCompile>
    <ClCompile Include="Data\Budget.cpp">
      <Filter>Source Files</Filter>
    </ClCompile>
    <ClCompile Include="Data\Report.cpp">
      <Filter>Source Files</Filter>
    </ClCompile>
    <ClCompile Include="UI\AccountFrame.cpp">
      <Filter>Source Files</Filter>
    </ClCompile>
    <ClCompile Include="UI\TransactionFrame.cpp">
      <Filter>Source Files</Filter>
    </ClCompile>
    <ClCompile Include="UI\MainFrame.cpp">
      <Filter>Source Files</Filter>
    </ClCompile>
    <ClCompile Include="UI\TransactionsListPanel.cpp">
      <Filter>Source Files</Filter>
    </ClCompile>
    <ClCompile Include="UI\HomePanel.cpp">
      <Filter>Source Files</Filter>
    </ClCompile>
    <ClCompile Include="UI\ReportPanel.cpp">
      <Filter>Source Files</Filter>
    </ClCompile>
  </ItemGroup>
  <ItemGroup>
    <ClInclude Include="Clerk.h">
      <Filter>Header Files</Filter>
    </ClInclude>
    <ClInclude Include="TreeMenuItemData.h">
      <Filter>Header Files</Filter>
    </ClInclude>
    <ClInclude Include="Defines.h">
      <Filter>Header Files</Filter>
    </ClInclude>
    <ClInclude Include="PieChart.h">
      <Filter>Header Files</Filter>
    </ClInclude>
    <ClInclude Include="BarChart.h">
      <Filter>Header Files</Filter>
    </ClInclude>
    <ClInclude Include="Settings.h">
      <Filter>Header Files</Filter>
    </ClInclude>
    <ClInclude Include="TagsPopup.h">
      <Filter>Header Files</Filter>
    </ClInclude>
    <ClInclude Include="LineChart.h">
      <Filter>Header Files</Filter>
    </ClInclude>
    <ClInclude Include="GraphPopup.h">
      <Filter>Header Files</Filter>
    </ClInclude>
    <ClInclude Include="Data\Account.h">
      <Filter>Header Files</Filter>
    </ClInclude>
    <ClInclude Include="Data\Model.h">
      <Filter>Header Files</Filter>
    </ClInclude>
    <ClInclude Include="Data\DataHelper.h">
      <Filter>Header Files</Filter>
    </ClInclude>
    <ClInclude Include="Data\Transaction.h">
      <Filter>Header Files</Filter>
    </ClInclude>
    <ClInclude Include="Data\Currency.h">
      <Filter>Header Files</Filter>
    </ClInclude>
    <ClInclude Include="Data\Budget.h">
      <Filter>Header Files</Filter>
    </ClInclude>
    <ClInclude Include="Data\Report.h">
      <Filter>Header Files</Filter>
    </ClInclude>
    <ClInclude Include="UI\AccountFrame.h">
      <Filter>Header Files</Filter>
    </ClInclude>
    <ClInclude Include="UI\TransactionFrame.h">
      <Filter>Header Files</Filter>
    </ClInclude>
    <ClInclude Include="UI\MainFrame.h">
      <Filter>Header Files</Filter>
    </ClInclude>
    <ClInclude Include="UI\TransactionsListPanel.h">
      <Filter>Header Files</Filter>
    </ClInclude>
    <ClInclude Include="UI\HomePanel.h">
      <Filter>Header Files</Filter>
    </ClInclude>
    <ClInclude Include="UI\ReportPanel.h">
      <Filter>Header Files</Filter>
    </ClInclude>
  </ItemGroup>
</Project>