<?xml version="1.0" encoding="utf-8"?>
<Project ToolsVersion="4.0" xmlns="http://schemas.microsoft.com/developer/msbuild/2003">
  <ItemGroup>
    <Filter Include="Source Files">
      <UniqueIdentifier>{4FC737F1-C7A5-4376-A066-2A32D752A2FF}</UniqueIdentifier>
      <Extensions>cpp;c;cc;cxx;def;odl;idl;hpj;bat;asm;asmx</Extensions>
    </Filter>
    <Filter Include="Header Files">
      <UniqueIdentifier>{93995380-89BD-4b04-88EB-625FBE52EBFB}</UniqueIdentifier>
      <Extensions>h;hh;hpp;hxx;hm;inl;inc;xsd</Extensions>
    </Filter>
    <Filter Include="Resource Files">
      <UniqueIdentifier>{67DA6AB6-F800-4c08-8B7A-83BB121AAD01}</UniqueIdentifier>
      <Extensions>rc;ico;cur;bmp;dlg;rc2;rct;bin;rgs;gif;jpg;jpeg;jpe;resx;tiff;tif;png;wav;mfcribbon-ms</Extensions>
    </Filter>
  </ItemGroup>
  <ItemGroup>
    <ClCompile Include="Clerk.cpp">
      <Filter>Source Files</Filter>
    </ClCompile>
    <ClCompile Include="UI\MainWindow.cpp">
      <Filter>Source Files</Filter>
    </ClCompile>
    <ClCompile Include="UI\DataPanel.cpp">
      <Filter>Source Files</Filter>
    </ClCompile>
    <ClCompile Include="UI\Tabs\TabsPanel.cpp">
      <Filter>Source Files</Filter>
    </ClCompile>
    <ClCompile Include="UI\TrashPanel.cpp">
      <Filter>Source Files</Filter>
    </ClCompile>
    <ClCompile Include="UI\AccountDialog.cpp">
      <Filter>Source Files</Filter>
    </ClCompile>
    <ClCompile Include="UI\TagsPanel.cpp">
      <Filter>Source Files</Filter>
    </ClCompile>
    <ClCompile Include="UI\Charts\BarChart.cpp">
      <Filter>Source Files</Filter>
    </ClCompile>
    <ClCompile Include="UI\Charts\LineChart.cpp">
      <Filter>Source Files</Filter>
    </ClCompile>
    <ClCompile Include="UI\Charts\PieChart.cpp">
      <Filter>Source Files</Filter>
    </ClCompile>
    <ClCompile Include="UI\Reports\ReportExpensesForPeriodPanel.cpp">
      <Filter>Source Files</Filter>
    </ClCompile>
    <ClCompile Include="UI\Reports\ReportExpensesByMonthPanel.cpp">
      <Filter>Source Files</Filter>
    </ClCompile>
    <ClCompile Include="UI\Reports\ReportBalanceByMonthPanel.cpp">
      <Filter>Source Files</Filter>
    </ClCompile>
    <ClCompile Include="UI\TagsField\TagsPopup.cpp">
      <Filter>Source Files</Filter>
    </ClCompile>
    <ClCompile Include="Data\Settings.cpp">
      <Filter>Source Files</Filter>
    </ClCompile>
    <ClCompile Include="UI\Controls\DropDownButton.cpp">
      <Filter>Source Files</Filter>
    </ClCompile>
    <ClCompile Include="UI\Dashboard\DashboardSchedulersPanel.cpp">
      <Filter>Source Files</Filter>
    </ClCompile>
    <ClCompile Include="UI\Dashboard\DashboardBudgetsPanel.cpp">
      <Filter>Source Files</Filter>
    </ClCompile>
    <ClCompile Include="UI\Dashboard\DashboardExpensesPanel.cpp">
      <Filter>Source Files</Filter>
    </ClCompile>
    <ClCompile Include="UI\Dashboard\DashboardAccountsPanel.cpp">
      <Filter>Source Files</Filter>
    </ClCompile>
    <ClCompile Include="UI\Dashboard\DashboardBalancePanel.cpp">
      <Filter>Source Files</Filter>
    </ClCompile>
    <ClCompile Include="UI\Dashboard\DashboardGoalsPanel.cpp">
      <Filter>Source Files</Filter>
    </ClCompile>
    <ClCompile Include="UI\Controls\Statusbar.cpp">
      <Filter>Source Files</Filter>
    </ClCompile>
    <ClCompile Include="UI\PreferencesDialog.cpp">
      <Filter>Source Files</Filter>
    </ClCompile>
    <ClCompile Include="UI\AboutDialog.cpp">
      <Filter>Source Files</Filter>
    </ClCompile>
    <ClCompile Include="Data\ExchangeRates\ExchangeRatesLoader.cpp">
      <Filter>Source Files</Filter>
    </ClCompile>
    <ClCompile Include="Data\ExchangeRates\CBRRatesLoader.cpp">
      <Filter>Source Files</Filter>
    </ClCompile>
    <ClCompile Include="UI\Dashboard\DashboardDebtsPanel.cpp">
      <Filter>Source Files</Filter>
    </ClCompile>
    <ClCompile Include="Utils\Utils.cpp">
      <Filter>Source Files</Filter>
    </ClCompile>
    <ClCompile Include="UI\Budgets\BudgetsListDataModel.cpp">
      <Filter>Source Files</Filter>
    </ClCompile>
    <ClCompile Include="UI\Budgets\BudgetsProgressRender.cpp">
      <Filter>Source Files</Filter>
    </ClCompile>
    <ClCompile Include="UI\Budgets\BudgetsPanel.cpp">
      <Filter>Source Files</Filter>
    </ClCompile>
    <ClCompile Include="UI\Goals\GoalsListDataModel.cpp">
      <Filter>Source Files</Filter>
    </ClCompile>
    <ClCompile Include="UI\Goals\GoalsPanel.cpp">
      <Filter>Source Files</Filter>
    </ClCompile>
    <ClCompile Include="UI\Goals\GoalsProgressRender.cpp">
      <Filter>Source Files</Filter>
    </ClCompile>
    <ClCompile Include="UI\Schedulers\SchedulersPanel.cpp">
      <Filter>Source Files</Filter>
    </ClCompile>
    <ClCompile Include="UI\Schedulers\SchedulersListDataModel.cpp">
      <Filter>Source Files</Filter>
    </ClCompile>
    <ClCompile Include="UI\Transactions\TransactionsListPanel.cpp">
      <Filter>Source Files</Filter>
    </ClCompile>
    <ClCompile Include="UI\Dashboard\DashboardPanel.cpp">
      <Filter>Source Files</Filter>
    </ClCompile>
    <ClCompile Include="UI\Transactions\TransactionsListDataModel.cpp">
      <Filter>Source Files</Filter>
    </ClCompile>
    <ClCompile Include="UI\Transactions\TransactionsTagsRender.cpp">
      <Filter>Source Files</Filter>
    </ClCompile>
    <ClCompile Include="UI\Transactions\TransactionsAmountRender.cpp">
      <Filter>Source Files</Filter>
    </ClCompile>
    <ClCompile Include="UI\Transactions\TransactionDialog.cpp">
      <Filter>Source Files</Filter>
    </ClCompile>
    <ClCompile Include="UI\Budgets\BudgetDialog.cpp">
      <Filter>Source Files</Filter>
    </ClCompile>
    <ClCompile Include="UI\Goals\GoalDialog.cpp">
      <Filter>Source Files</Filter>
    </ClCompile>
    <ClCompile Include="UI\Schedulers\SchedulerDialog.cpp">
      <Filter>Source Files</Filter>
    </ClCompile>
    <ClCompile Include="UI\Schedulers\SchedulersConfirmDialog.cpp">
      <Filter>Source Files</Filter>
    </ClCompile>
    <ClCompile Include="UI\Alerts\AlertDialog.cpp">
      <Filter>Source Files</Filter>
    </ClCompile>
    <ClCompile Include="UI\Alerts\AlertsListDataModel.cpp">
      <Filter>Source Files</Filter>
    </ClCompile>
    <ClCompile Include="UI\Alerts\AlertsPanel.cpp">
      <Filter>Source Files</Filter>
    </ClCompile>
    <ClCompile Include="UI\Alerts\AlertsConfirmDialog.cpp">
      <Filter>Source Files</Filter>
    </ClCompile>
    <ClCompile Include="UI\Reports\ExpensesTooltipPopup.cpp">
      <Filter>Source Files</Filter>
    </ClCompile>
    <ClCompile Include="UI\Controls\CheckboxComboPopup.cpp">
      <Filter>Source Files</Filter>
    </ClCompile>
    <ClCompile Include="UI\Controls\AccountsComboBox.cpp">
      <Filter>Source Files</Filter>
    </ClCompile>
    <ClCompile Include="UI\Controls\AmountField.cpp">
      <Filter>Source Files</Filter>
    </ClCompile>
    <ClCompile Include="Data\Repositories\BaseRepository.cpp">
      <Filter>Source Files</Filter>
    </ClCompile>
    <ClCompile Include="Data\DataConnection.cpp">
      <Filter>Source Files</Filter>
    </ClCompile>
    <ClCompile Include="Data\DataContext.cpp">
      <Filter>Source Files</Filter>
    </ClCompile>
    <ClCompile Include="Data\Repositories\AccountsRepository.cpp">
      <Filter>Source Files</Filter>
    </ClCompile>
    <ClCompile Include="Data\Repositories\ReportsRepository.cpp">
      <Filter>Source Files</Filter>
    </ClCompile>
    <ClCompile Include="Data\Repositories\BudgetsRepository.cpp">
      <Filter>Source Files</Filter>
    </ClCompile>
    <ClCompile Include="Data\Repositories\GoalsRepository.cpp">
      <Filter>Source Files</Filter>
    </ClCompile>
    <ClCompile Include="Data\Repositories\AlertsRepository.cpp">
      <Filter>Source Files</Filter>
    </ClCompile>
    <ClCompile Include="Data\Repositories\SchedulersRepository.cpp">
      <Filter>Source Files</Filter>
    </ClCompile>
    <ClCompile Include="Data\Repositories\TransactionsRepository.cpp">
      <Filter>Source Files</Filter>
    </ClCompile>
    <ClCompile Include="Data\Models\AlertModel.cpp">
      <Filter>Source Files</Filter>
    </ClCompile>
    <ClCompile Include="Data\Models\CurrencyModel.cpp">
      <Filter>Source Files</Filter>
    </ClCompile>
    <ClCompile Include="Data\Models\GoalModel.cpp">
      <Filter>Source Files</Filter>
    </ClCompile>
    <ClCompile Include="Data\Models\Model.cpp">
      <Filter>Source Files</Filter>
    </ClCompile>
    <ClCompile Include="Data\Models\ReportModel.cpp">
      <Filter>Source Files</Filter>
    </ClCompile>
    <ClCompile Include="Data\Models\TransactionModel.cpp">
      <Filter>Source Files</Filter>
    </ClCompile>
    <ClCompile Include="Data\Repositories\TagsRepository.cpp">
      <Filter>Source Files</Filter>
    </ClCompile>
    <ClCompile Include="Data\Repositories\CurrenciesRepository.cpp">
      <Filter>Source Files</Filter>
    </ClCompile>
    <ClCompile Include="Data\Services\AccountingService.cpp">
      <Filter>Source Files</Filter>
    </ClCompile>
    <ClCompile Include="Data\Services\AccountsService.cpp">
      <Filter>Source Files</Filter>
    </ClCompile>
    <ClCompile Include="Data\Services\SchedulersService.cpp">
      <Filter>Source Files</Filter>
    </ClCompile>
    <ClCompile Include="UI\PresentationModels\AccountPresentationModel.cpp">
      <Filter>Source Files</Filter>
    </ClCompile>
    <ClCompile Include="UI\PresentationModels\SchedulerPresentationModel.cpp">
      <Filter>Source Files</Filter>
    </ClCompile>
    <ClCompile Include="UI\PresentationModels\TransactionPresentationModel.cpp">
      <Filter>Source Files</Filter>
    </ClCompile>
    <ClCompile Include="Data\Services\TransactionsService.cpp">
      <Filter>Source Files</Filter>
    </ClCompile>
    <ClCompile Include="Data\Models\AccountModel.cpp">
      <Filter>Source Files</Filter>
    </ClCompile>
    <ClCompile Include="Data\Models\BudgetModel.cpp">
      <Filter>Source Files</Filter>
    </ClCompile>
    <ClCompile Include="UI\PresentationModels\BudgetPresentationModel.cpp">
      <Filter>Source Files</Filter>
    </ClCompile>
    <ClCompile Include="Data\Services\BudgetsService.cpp">
      <Filter>Source Files</Filter>
    </ClCompile>
    <ClCompile Include="Utils\Icons.cpp">
      <Filter>Source Files</Filter>
    </ClCompile>
    <ClCompile Include="Data\Models\SchedulerModel.cpp">
      <Filter>Source Files</Filter>
    </ClCompile>
    <ClCompile Include="UI\TreeMenu\TreeMenu.cpp">
      <Filter>Source Files</Filter>
    </ClCompile>
    <ClCompile Include="UI\TreeMenu\TreeContextMenu.cpp">
      <Filter>Source Files</Filter>
    </ClCompile>
    <ClCompile Include="UI\PresentationModels\TagPresentationModel.cpp">
      <Filter>Source Files</Filter>
    </ClCompile>
    <ClCompile Include="Data\Models\TagModel.cpp">
      <Filter>Source Files</Filter>
    </ClCompile>
    <ClCompile Include="Data\Services\TagsService.cpp">
      <Filter>Source Files</Filter>
    </ClCompile>
    <ClCompile Include="UI\Controls\NewTransactionButton.cpp">
      <Filter>Source Files</Filter>
    </ClCompile>
    <ClCompile Include="UI\Controls\MainMenu.cpp">
      <Filter>Source Files</Filter>
    </ClCompile>
    <ClCompile Include="Commands\QuitCommand.cpp">
      <Filter>Source Files</Filter>
    </ClCompile>
    <ClCompile Include="Commands\CommandsInvoker.cpp">
      <Filter>Source Files</Filter>
    </ClCompile>
    <ClCompile Include="Commands\CommandsReceiver.cpp">
      <Filter>Source Files</Filter>
    </ClCompile>
    <ClCompile Include="UI\PresentationModels\ReportPresentationModel.cpp">
      <Filter>Source Files</Filter>
    </ClCompile>
    <ClCompile Include="Data\Services\ReportsService.cpp">
      <Filter>Source Files</Filter>
    </ClCompile>
    <ClCompile Include="UI\PresentationModels\AlertPresentationModel.cpp">
      <Filter>Source Files</Filter>
    </ClCompile>
    <ClCompile Include="Data\Services\AlertsService.cpp">
      <Filter>Source Files</Filter>
    </ClCompile>
    <ClCompile Include="UI\PresentationModels\GoalPresentationModel.cpp">
      <Filter>Source Files</Filter>
    </ClCompile>
    <ClCompile Include="Data\Services\GoalsService.cpp">
      <Filter>Source Files</Filter>
    </ClCompile>
    <ClCompile Include="Data\Services\ReportingService.cpp">
      <Filter>Source Files</Filter>
    </ClCompile>
    <ClCompile Include="Data\Repositories\ReportingRepository.cpp">
      <Filter>Source Files</Filter>
    </ClCompile>
    <ClCompile Include="Commands\PreferencesCommand.cpp">
      <Filter>Source Files</Filter>
    </ClCompile>
    <ClCompile Include="UI\Controllers\DialogsController.cpp">
      <Filter>Source Files</Filter>
    </ClCompile>
    <ClCompile Include="Commands\AboutCommand.cpp">
      <Filter>Source Files</Filter>
    </ClCompile>
    <ClCompile Include="UI\ViewModels\DashboardViewModel.cpp">
      <Filter>Source Files</Filter>
    </ClCompile>
    <ClCompile Include="UI\ViewModels\StatusViewModel.cpp">
      <Filter>Source Files</Filter>
    </ClCompile>
    <ClCompile Include="UI\ViewModels\TreeMenuViewModel.cpp">
      <Filter>Source Files</Filter>
    </ClCompile>
    <ClCompile Include="Commands\NewTransactionCommand.cpp">
      <Filter>Source Files</Filter>
    </ClCompile>
    <ClCompile Include="UI\ViewModels\TransactionViewModel.cpp">
      <Filter>Source Files</Filter>
    </ClCompile>
    <ClCompile Include="Utils\EventEmitter.cpp">
      <Filter>Source Files</Filter>
    </ClCompile>
    <ClCompile Include="Commands\CopyTransactionCommand.cpp">
      <Filter>Source Files</Filter>
    </ClCompile>
    <ClCompile Include="UI\TreeMenu\AccountContextMenu.cpp">
      <Filter>Source Files</Filter>
    </ClCompile>
    <ClCompile Include="Commands\EditAccountCommand.cpp">
      <Filter>Source Files</Filter>
    </ClCompile>
    <ClCompile Include="UI\ViewModels\AccountViewModel.cpp">
      <Filter>Source Files</Filter>
    </ClCompile>
    <ClCompile Include="UI\TreeMenu\AccountsContextMenu.cpp">
      <Filter>Source Files</Filter>
    </ClCompile>
    <ClCompile Include="Commands\NewAccountCommand.cpp">
      <Filter>Source Files</Filter>
    </ClCompile>
    <ClCompile Include="UI\TreeMenu\DefaultContextMenu.cpp">
      <Filter>Source Files</Filter>
    </ClCompile>
    <ClCompile Include="Commands\NewTabCommand.cpp">
      <Filter>Source Files</Filter>
    </ClCompile>
    <ClCompile Include="UI\Controllers\TabsController.cpp">
      <Filter>Source Files</Filter>
    </ClCompile>
    <ClCompile Include="UI\Transactions\TransactionContextMenu.cpp">
      <Filter>Source Files</Filter>
    </ClCompile>
    <ClCompile Include="Commands\SplitTransactionCommand.cpp">
      <Filter>Source Files</Filter>
    </ClCompile>
    <ClCompile Include="Commands\EditTransactionCommand.cpp">
      <Filter>Source Files</Filter>
    </ClCompile>
    <ClCompile Include="Commands\DeleteTransactionCommand.cpp">
      <Filter>Source Files</Filter>
    </ClCompile>
    <ClCompile Include="UI\Tabs\TabsContextMenu.cpp">
      <Filter>Source Files</Filter>
    </ClCompile>
    <ClCompile Include="UI\ViewModels\TransactionsMenuViewModel.cpp">
      <Filter>Source Files</Filter>
    </ClCompile>
    <ClCompile Include="UI\PresentationModels\CurrencyPresentationModel.cpp">
      <Filter>Source Files</Filter>
    </ClCompile>
    <ClCompile Include="Data\Services\CurrenciesService.cpp">
      <Filter>Source Files</Filter>
    </ClCompile>
    <ClCompile Include="Commands\NewAccountTabCommand.cpp">
      <Filter>Source Files</Filter>
    </ClCompile>
    <ClCompile Include="Commands\NewAccountsTabCommand.cpp">
      <Filter>Source Files</Filter>
    </ClCompile>
    <ClCompile Include="UI\Dashboard\DashboardReceiptsPanel.cpp">
      <Filter>Source Files</Filter>
    </ClCompile>
    <ClCompile Include="UI\TagsField\TagsField.cpp">
      <Filter>Source Files</Filter>
    </ClCompile>
    <ClCompile Include="UI\TagsField\TagElement.cpp">
      <Filter>Source Files</Filter>
    </ClCompile>
  </ItemGroup>
  <ItemGroup>
    <ClInclude Include="Clerk.h">
      <Filter>Header Files</Filter>
    </ClInclude>
    <ClInclude Include="Defines.h">
      <Filter>Header Files</Filter>
    </ClInclude>
    <ClInclude Include="UI\MainWindow.h">
      <Filter>Header Files</Filter>
    </ClInclude>
    <ClInclude Include="UI\DataPanel.h">
      <Filter>Header Files</Filter>
    </ClInclude>
    <ClInclude Include="UI\Tabs\TabsPanel.h">
      <Filter>Header Files</Filter>
    </ClInclude>
    <ClInclude Include="UI\TrashPanel.h">
      <Filter>Header Files</Filter>
    </ClInclude>
    <ClInclude Include="UI\AccountDialog.h">
      <Filter>Header Files</Filter>
    </ClInclude>
    <ClInclude Include="resource.h">
      <Filter>Header Files</Filter>
    </ClInclude>
    <ClInclude Include="UI\TagsPanel.h">
      <Filter>Header Files</Filter>
    </ClInclude>
    <ClInclude Include="UI\Charts\BarChart.h">
      <Filter>Header Files</Filter>
    </ClInclude>
    <ClInclude Include="UI\Charts\PieChart.h">
      <Filter>Header Files</Filter>
    </ClInclude>
    <ClInclude Include="UI\Charts\LineChart.h">
      <Filter>Header Files</Filter>
    </ClInclude>
    <ClInclude Include="UI\Reports\ReportExpensesForPeriodPanel.h">
      <Filter>Header Files</Filter>
    </ClInclude>
    <ClInclude Include="UI\Reports\ReportExpensesByMonthPanel.h">
      <Filter>Header Files</Filter>
    </ClInclude>
    <ClInclude Include="UI\Reports\ReportBalanceByMonthPanel.h">
      <Filter>Header Files</Filter>
    </ClInclude>
    <ClInclude Include="UI\TagsField\TagsPopup.h">
      <Filter>Header Files</Filter>
    </ClInclude>
    <ClInclude Include="Data\Settings.h">
      <Filter>Header Files</Filter>
    </ClInclude>
    <ClInclude Include="UI\Controls\DropDownButton.h">
      <Filter>Header Files</Filter>
    </ClInclude>
    <ClInclude Include="UI\Dashboard\DashboardSchedulersPanel.h">
      <Filter>Header Files</Filter>
    </ClInclude>
    <ClInclude Include="UI\Dashboard\DashboardBudgetsPanel.h">
      <Filter>Header Files</Filter>
    </ClInclude>
    <ClInclude Include="UI\Dashboard\DashboardExpensesPanel.h">
      <Filter>Header Files</Filter>
    </ClInclude>
    <ClInclude Include="UI\Dashboard\DashboardAccountsPanel.h">
      <Filter>Header Files</Filter>
    </ClInclude>
    <ClInclude Include="UI\Dashboard\DashboardBalancePanel.h">
      <Filter>Header Files</Filter>
    </ClInclude>
    <ClInclude Include="UI\Dashboard\DashboardGoalsPanel.h">
      <Filter>Header Files</Filter>
    </ClInclude>
    <ClInclude Include="UI\Controls\Statusbar.h">
      <Filter>Header Files</Filter>
    </ClInclude>
    <ClInclude Include="UI\PreferencesDialog.h">
      <Filter>Header Files</Filter>
    </ClInclude>
    <ClInclude Include="UI\AboutDialog.h">
      <Filter>Header Files</Filter>
    </ClInclude>
    <ClInclude Include="Data\ExchangeRates\ExchangeRatesLoader.h">
      <Filter>Header Files</Filter>
    </ClInclude>
    <ClInclude Include="Data\ExchangeRates\CBRRatesLoader.h">
      <Filter>Header Files</Filter>
    </ClInclude>
    <ClInclude Include="UI\Dashboard\DashboardDebtsPanel.h">
      <Filter>Header Files</Filter>
    </ClInclude>
    <ClInclude Include="Utils\Utils.h">
      <Filter>Header Files</Filter>
    </ClInclude>
    <ClInclude Include="UI\Budgets\BudgetsListDataModel.h">
      <Filter>Header Files</Filter>
    </ClInclude>
    <ClInclude Include="UI\Budgets\BudgetsProgressRender.h">
      <Filter>Header Files</Filter>
    </ClInclude>
    <ClInclude Include="UI\Budgets\BudgetsPanel.h">
      <Filter>Header Files</Filter>
    </ClInclude>
    <ClInclude Include="UI\Goals\GoalsListDataModel.h">
      <Filter>Header Files</Filter>
    </ClInclude>
    <ClInclude Include="UI\Goals\GoalsPanel.h">
      <Filter>Header Files</Filter>
    </ClInclude>
    <ClInclude Include="UI\Goals\GoalsProgressRender.h">
      <Filter>Header Files</Filter>
    </ClInclude>
    <ClInclude Include="UI\Schedulers\SchedulersPanel.h">
      <Filter>Header Files</Filter>
    </ClInclude>
    <ClInclude Include="UI\Schedulers\SchedulersListDataModel.h">
      <Filter>Header Files</Filter>
    </ClInclude>
    <ClInclude Include="UI\Transactions\TransactionsListPanel.h">
      <Filter>Header Files</Filter>
    </ClInclude>
    <ClInclude Include="UI\Dashboard\DashboardPanel.h">
      <Filter>Header Files</Filter>
    </ClInclude>
    <ClInclude Include="UI\Transactions\TransactionsListDataModel.h">
      <Filter>Header Files</Filter>
    </ClInclude>
    <ClInclude Include="UI\Transactions\TransactionsTagsRender.h">
      <Filter>Header Files</Filter>
    </ClInclude>
    <ClInclude Include="UI\Transactions\TransactionsAmountRender.h">
      <Filter>Header Files</Filter>
    </ClInclude>
    <ClInclude Include="UI\Transactions\TransactionDialog.h">
      <Filter>Header Files</Filter>
    </ClInclude>
    <ClInclude Include="UI\Budgets\BudgetDialog.h">
      <Filter>Header Files</Filter>
    </ClInclude>
    <ClInclude Include="UI\Goals\GoalDialog.h">
      <Filter>Header Files</Filter>
    </ClInclude>
    <ClInclude Include="UI\Schedulers\SchedulersConfirmDialog.h">
      <Filter>Header Files</Filter>
    </ClInclude>
    <ClInclude Include="UI\Schedulers\SchedulerDialog.h">
      <Filter>Header Files</Filter>
    </ClInclude>
    <ClInclude Include="UI\Alerts\AlertDialog.h">
      <Filter>Header Files</Filter>
    </ClInclude>
    <ClInclude Include="UI\Alerts\AlertsListDataModel.h">
      <Filter>Header Files</Filter>
    </ClInclude>
    <ClInclude Include="UI\Alerts\AlertsPanel.h">
      <Filter>Header Files</Filter>
    </ClInclude>
    <ClInclude Include="UI\Alerts\AlertsConfirmDialog.h">
      <Filter>Header Files</Filter>
    </ClInclude>
    <ClInclude Include="UI\Reports\ExpensesTooltipPopup.h">
      <Filter>Header Files</Filter>
    </ClInclude>
    <ClInclude Include="UI\Controls\CheckboxComboPopup.h">
      <Filter>Header Files</Filter>
    </ClInclude>
    <ClInclude Include="UI\Controls\AccountsComboBox.h">
      <Filter>Header Files</Filter>
    </ClInclude>
    <ClInclude Include="UI\Controls\AmountField.h">
      <Filter>Header Files</Filter>
    </ClInclude>
    <ClInclude Include="Data\Repositories\BaseRepository.h">
      <Filter>Header Files</Filter>
    </ClInclude>
    <ClInclude Include="Data\DataConnection.h">
      <Filter>Header Files</Filter>
    </ClInclude>
    <ClInclude Include="Data\DataContext.h">
      <Filter>Header Files</Filter>
    </ClInclude>
    <ClInclude Include="Data\Repositories\AccountsRepository.h">
      <Filter>Header Files</Filter>
    </ClInclude>
    <ClInclude Include="Data\Repositories\ReportsRepository.h">
      <Filter>Header Files</Filter>
    </ClInclude>
    <ClInclude Include="Data\Repositories\BudgetsRepository.h">
      <Filter>Header Files</Filter>
    </ClInclude>
    <ClInclude Include="Data\Repositories\GoalsRepository.h">
      <Filter>Header Files</Filter>
    </ClInclude>
    <ClInclude Include="Data\Repositories\AlertsRepository.h">
      <Filter>Header Files</Filter>
    </ClInclude>
    <ClInclude Include="Data\Repositories\SchedulersRepository.h">
      <Filter>Header Files</Filter>
    </ClInclude>
    <ClInclude Include="Data\Repositories\TransactionsRepository.h">
      <Filter>Header Files</Filter>
    </ClInclude>
    <ClInclude Include="Data\Models\AlertModel.h">
      <Filter>Header Files</Filter>
    </ClInclude>
    <ClInclude Include="Data\Models\CurrencyModel.h">
      <Filter>Header Files</Filter>
    </ClInclude>
    <ClInclude Include="Data\Models\GoalModel.h">
      <Filter>Header Files</Filter>
    </ClInclude>
    <ClInclude Include="Data\Models\Model.h">
      <Filter>Header Files</Filter>
    </ClInclude>
    <ClInclude Include="Data\Models\ReportModel.h">
      <Filter>Header Files</Filter>
    </ClInclude>
    <ClInclude Include="Data\Models\TransactionModel.h">
      <Filter>Header Files</Filter>
    </ClInclude>
    <ClInclude Include="Data\Repositories\TagsRepository.h">
      <Filter>Header Files</Filter>
    </ClInclude>
    <ClInclude Include="Data\Repositories\CurrenciesRepository.h">
      <Filter>Header Files</Filter>
    </ClInclude>
    <ClInclude Include="Data\Services\AccountingService.h">
      <Filter>Header Files</Filter>
    </ClInclude>
    <ClInclude Include="Data\Services\AccountsService.h">
      <Filter>Header Files</Filter>
    </ClInclude>
    <ClInclude Include="Data\Services\SchedulersService.h">
      <Filter>Header Files</Filter>
    </ClInclude>
    <ClInclude Include="UI\PresentationModels\AccountPresentationModel.h">
      <Filter>Header Files</Filter>
    </ClInclude>
    <ClInclude Include="UI\PresentationModels\SchedulerPresentationModel.h">
      <Filter>Header Files</Filter>
    </ClInclude>
    <ClInclude Include="UI\PresentationModels\TransactionPresentationModel.h">
      <Filter>Header Files</Filter>
    </ClInclude>
    <ClInclude Include="Data\Services\TransactionsService.h">
      <Filter>Header Files</Filter>
    </ClInclude>
    <ClInclude Include="Data\Models\AccountModel.h">
      <Filter>Header Files</Filter>
    </ClInclude>
    <ClInclude Include="Data\Enums.h">
      <Filter>Header Files</Filter>
    </ClInclude>
    <ClInclude Include="Data\Models\BudgetModel.h">
      <Filter>Header Files</Filter>
    </ClInclude>
    <ClInclude Include="UI\PresentationModels\BudgetPresentationModel.h">
      <Filter>Header Files</Filter>
    </ClInclude>
    <ClInclude Include="Data\Services\BudgetsService.h">
      <Filter>Header Files</Filter>
    </ClInclude>
    <ClInclude Include="UI\PresentationModels\Types.h">
      <Filter>Header Files</Filter>
    </ClInclude>
    <ClInclude Include="Utils\Icons.h">
      <Filter>Header Files</Filter>
    </ClInclude>
    <ClInclude Include="Data\Models\SchedulerModel.h">
      <Filter>Header Files</Filter>
    </ClInclude>
    <ClInclude Include="UI\TreeMenu\TreeMenu.h">
      <Filter>Header Files</Filter>
    </ClInclude>
    <ClInclude Include="UI\TreeMenu\TreeContextMenu.h">
      <Filter>Header Files</Filter>
    </ClInclude>
    <ClInclude Include="UI\TreeMenu\TreeMenuItemData.h">
      <Filter>Header Files</Filter>
    </ClInclude>
    <ClInclude Include="UI\TreeMenu\Enums.h">
      <Filter>Header Files</Filter>
    </ClInclude>
    <ClInclude Include="UI\PresentationModels\TagPresentationModel.h">
      <Filter>Header Files</Filter>
    </ClInclude>
    <ClInclude Include="Data\Models\TagModel.h">
      <Filter>Header Files</Filter>
    </ClInclude>
    <ClInclude Include="Data\Services\TagsService.h">
      <Filter>Header Files</Filter>
    </ClInclude>
    <ClInclude Include="UI\Controls\NewTransactionButton.h">
      <Filter>Header Files</Filter>
    </ClInclude>
    <ClInclude Include="UI\Controls\MainMenu.h">
      <Filter>Header Files</Filter>
    </ClInclude>
    <ClInclude Include="Commands\Command.h">
      <Filter>Header Files</Filter>
    </ClInclude>
    <ClInclude Include="Commands\QuitCommand.h">
      <Filter>Header Files</Filter>
    </ClInclude>
    <ClInclude Include="Commands\CommandsInvoker.h">
      <Filter>Header Files</Filter>
    </ClInclude>
    <ClInclude Include="Commands\CommandsReceiver.h">
      <Filter>Header Files</Filter>
    </ClInclude>
    <ClInclude Include="UI\PresentationModels\ReportPresentationModel.h">
      <Filter>Header Files</Filter>
    </ClInclude>
    <ClInclude Include="Data\Services\ReportsService.h">
      <Filter>Header Files</Filter>
    </ClInclude>
    <ClInclude Include="UI\PresentationModels\AlertPresentationModel.h">
      <Filter>Header Files</Filter>
    </ClInclude>
    <ClInclude Include="Data\Services\AlertsService.h">
      <Filter>Header Files</Filter>
    </ClInclude>
    <ClInclude Include="UI\PresentationModels\GoalPresentationModel.h">
      <Filter>Header Files</Filter>
    </ClInclude>
    <ClInclude Include="Data\Services\GoalsService.h">
      <Filter>Header Files</Filter>
    </ClInclude>
    <ClInclude Include="Data\Services\ReportingService.h">
      <Filter>Header Files</Filter>
    </ClInclude>
    <ClInclude Include="Data\Repositories\ReportingRepository.h">
      <Filter>Header Files</Filter>
    </ClInclude>
    <ClInclude Include="Commands\ICommandsReceiver.h">
      <Filter>Header Files</Filter>
    </ClInclude>
    <ClInclude Include="Commands\PreferencesCommand.h">
      <Filter>Header Files</Filter>
    </ClInclude>
    <ClInclude Include="UI\Controllers\DialogsController.h">
      <Filter>Header Files</Filter>
    </ClInclude>
    <ClInclude Include="Commands\AboutCommand.h">
      <Filter>Header Files</Filter>
    </ClInclude>
    <ClInclude Include="UI\ViewModels\DashboardViewModel.h">
      <Filter>Header Files</Filter>
    </ClInclude>
    <ClInclude Include="UI\ViewModels\StatusViewModel.h">
      <Filter>Header Files</Filter>
    </ClInclude>
    <ClInclude Include="UI\ViewModels\TreeMenuViewModel.h">
      <Filter>Header Files</Filter>
    </ClInclude>
    <ClInclude Include="Commands\NewTransactionCommand.h">
      <Filter>Header Files</Filter>
    </ClInclude>
    <ClInclude Include="UI\ViewModels\TransactionViewModel.h">
      <Filter>Header Files</Filter>
    </ClInclude>
    <ClInclude Include="Utils\EventEmitter.h">
      <Filter>Header Files</Filter>
    </ClInclude>
    <ClInclude Include="Commands\TransactionForAccount.h">
      <Filter>Header Files</Filter>
    </ClInclude>
    <ClInclude Include="Commands\CopyTransactionCommand.h">
      <Filter>Header Files</Filter>
    </ClInclude>
    <ClInclude Include="UI\TreeMenu\AccountContextMenu.h">
      <Filter>Header Files</Filter>
    </ClInclude>
    <ClInclude Include="Commands\EditAccountCommand.h">
      <Filter>Header Files</Filter>
    </ClInclude>
    <ClInclude Include="UI\ViewModels\AccountViewModel.h">
      <Filter>Header Files</Filter>
    </ClInclude>
    <ClInclude Include="UI\TreeMenu\AccountsContextMenu.h">
      <Filter>Header Files</Filter>
    </ClInclude>
    <ClInclude Include="Commands\NewAccountCommand.h">
      <Filter>Header Files</Filter>
    </ClInclude>
    <ClInclude Include="UI\TreeMenu\DefaultContextMenu.h">
      <Filter>Header Files</Filter>
    </ClInclude>
    <ClInclude Include="UI\Enums.h">
      <Filter>Header Files</Filter>
    </ClInclude>
    <ClInclude Include="Commands\NewTabCommand.h">
      <Filter>Header Files</Filter>
    </ClInclude>
    <ClInclude Include="UI\Controllers\TabsController.h">
      <Filter>Header Files</Filter>
    </ClInclude>
    <ClInclude Include="UI\Transactions\TransactionContextMenu.h">
      <Filter>Header Files</Filter>
    </ClInclude>
    <ClInclude Include="UI\Transactions\Enums.h">
      <Filter>Header Files</Filter>
    </ClInclude>
    <ClInclude Include="Commands\SplitTransactionCommand.h">
      <Filter>Header Files</Filter>
    </ClInclude>
    <ClInclude Include="Commands\EditTransactionCommand.h">
      <Filter>Header Files</Filter>
    </ClInclude>
    <ClInclude Include="Commands\DeleteTransactionCommand.h">
      <Filter>Header Files</Filter>
    </ClInclude>
    <ClInclude Include="UI\Tabs\TabsContextMenu.h">
      <Filter>Header Files</Filter>
    </ClInclude>
    <ClInclude Include="UI\Tabs\Enums.h">
      <Filter>Header Files</Filter>
    </ClInclude>
    <ClInclude Include="UI\ViewModels\TransactionsMenuViewModel.h">
      <Filter>Header Files</Filter>
    </ClInclude>
    <ClInclude Include="UI\ViewModels\Enums.h">
      <Filter>Header Files</Filter>
    </ClInclude>
    <ClInclude Include="UI\PresentationModels\CurrencyPresentationModel.h">
      <Filter>Header Files</Filter>
    </ClInclude>
    <ClInclude Include="Data\Services\CurrenciesService.h">
      <Filter>Header Files</Filter>
    </ClInclude>
    <ClInclude Include="Data\Services\HashService.h">
      <Filter>Header Files</Filter>
    </ClInclude>
    <ClInclude Include="Commands\NewAccountTabCommand.h">
      <Filter>Header Files</Filter>
    </ClInclude>
    <ClInclude Include="Commands\NewAccountsTabCommand.h">
      <Filter>Header Files</Filter>
    </ClInclude>
    <ClInclude Include="Utils\Types.h">
      <Filter>Header Files</Filter>
    </ClInclude>
    <ClInclude Include="UI\Dashboard\DashboardReceiptsPanel.h">
      <Filter>Header Files</Filter>
    </ClInclude>
    <ClInclude Include="Data\Types.h">
      <Filter>Header Files</Filter>
    </ClInclude>
    <ClInclude Include="UI\TagsField\TagsField.h">
      <Filter>Header Files</Filter>
    </ClInclude>
    <ClInclude Include="UI\TagsField\TagElement.h">
      <Filter>Header Files</Filter>
    </ClInclude>
  </ItemGroup>
  <ItemGroup>
    <Image Include="Resources\Logo.ico">
      <Filter>Resource Files</Filter>
    </Image>
  </ItemGroup>
  <ItemGroup>
    <ResourceCompile Include="Resource.rc">
      <Filter>Resource Files</Filter>
    </ResourceCompile>
  </ItemGroup>
</Project>