
Microsoft Visual Studio Solution File, Format Version 12.00
# Visual Studio Version 16
VisualStudioVersion = 16.0.29709.97
MinimumVisualStudioVersion = 10.0.40219.1
Project("{8BC9CEB8-8B4A-11D0-8D11-00A0C91BC942}") = "Clerk", "Clerk\Clerk.vcxproj", "{930DA72E-D847-42E9-8315-F9F5FE257BED}"
EndProject
Global
	GlobalSection(SolutionConfigurationPlatforms) = preSolution
		Debug|Win32 = Debug|Win32
		Release|Win32 = Release|Win32
	EndGlobalSection
	GlobalSection(ProjectConfigurationPlatforms) = postSolution
		{930DA72E-D847-42E9-8315-F9F5FE257BED}.Debug|Win32.ActiveCfg = Debug|Win32
		{930DA72E-D847-42E9-8315-F9F5FE257BED}.Debug|Win32.Build.0 = Debug|Win32
		{930DA72E-D847-42E9-8315-F9F5FE257BED}.Release|Win32.ActiveCfg = Release|Win32
		{930DA72E-D847-42E9-8315-F9F5FE257BED}.Release|Win32.Build.0 = Release|Win32
	EndGlobalSection
	GlobalSection(SolutionProperties) = preSolution
		HideSolutionNode = FALSE
	EndGlobalSection
	GlobalSection(ExtensibilityGlobals) = postSolution
		SolutionGuid = {0D7A042F-B9A9-499C-91E9-584BDC0BBDE0}
	EndGlobalSection
EndGlobal
